
Microsoft Visual Studio Solution File, Format Version 12.00
# Visual Studio 15
VisualStudioVersion = 15.0.28010.2026
MinimumVisualStudioVersion = 10.0.40219.1
Project("{FAE04EC0-301F-11D3-BF4B-00C04F79EFBC}") = "Trie", "Trie\Trie.csproj", "{5A19EC00-08DD-4D4D-976D-8136CC6459B1}"
EndProject
Project("{FAE04EC0-301F-11D3-BF4B-00C04F79EFBC}") = "TrieTests", "TrieTests\TrieTests.csproj", "{2766F211-8079-4E0F-8AC9-11BF9AD2846C}"
EndProject
Global
	GlobalSection(SolutionConfigurationPlatforms) = preSolution
		Debug|Any CPU = Debug|Any CPU
		Release|Any CPU = Release|Any CPU
	EndGlobalSection
	GlobalSection(ProjectConfigurationPlatforms) = postSolution
		{5A19EC00-08DD-4D4D-976D-8136CC6459B1}.Debug|Any CPU.ActiveCfg = Debug|Any CPU
		{5A19EC00-08DD-4D4D-976D-8136CC6459B1}.Debug|Any CPU.Build.0 = Debug|Any CPU
		{5A19EC00-08DD-4D4D-976D-8136CC6459B1}.Release|Any CPU.ActiveCfg = Release|Any CPU
		{5A19EC00-08DD-4D4D-976D-8136CC6459B1}.Release|Any CPU.Build.0 = Release|Any CPU
		{2766F211-8079-4E0F-8AC9-11BF9AD2846C}.Debug|Any CPU.ActiveCfg = Debug|Any CPU
		{2766F211-8079-4E0F-8AC9-11BF9AD2846C}.Debug|Any CPU.Build.0 = Debug|Any CPU
		{2766F211-8079-4E0F-8AC9-11BF9AD2846C}.Release|Any CPU.ActiveCfg = Release|Any CPU
		{2766F211-8079-4E0F-8AC9-11BF9AD2846C}.Release|Any CPU.Build.0 = Release|Any CPU
	EndGlobalSection
	GlobalSection(SolutionProperties) = preSolution
		HideSolutionNode = FALSE
	EndGlobalSection
	GlobalSection(ExtensibilityGlobals) = postSolution
		SolutionGuid = {14ADC728-BFA0-4344-BD02-AEB1EA4880A5}
	EndGlobalSection
EndGlobal
